
Microsoft Visual Studio Solution File, Format Version 12.00
# Visual Studio Version 17
VisualStudioVersion = 17.0.31903.59
MinimumVisualStudioVersion = 10.0.40219.1
Project("{FAE04EC0-301F-11D3-BF4B-00C04F79EFBC}") = "Vocabulary", "Vocabulary\Vocabulary.csproj", "{AC9148F7-29C7-4D11-9AD8-A8FE1B1564D7}"
EndProject
Project("{FAE04EC0-301F-11D3-BF4B-00C04F79EFBC}") = "Numbers", "Numbers\Numbers.csproj", "{5BF293F3-54A6-4537-B6F8-93CFAB591194}"
EndProject
Project("{FAE04EC0-301F-11D3-BF4B-00C04F79EFBC}") = "Formatting", "Formatting\Formatting.csproj", "{23E182C2-2021-4B07-AB9D-29E7E425ECB3}"
EndProject
Project("{FAE04EC0-301F-11D3-BF4B-00C04F79EFBC}") = "Arguments", "Arguments\Arguments.csproj", "{801BDDB2-BF09-48DA-9C5E-B84B8A24426B}"
EndProject
Project("{FAE04EC0-301F-11D3-BF4B-00C04F79EFBC}") = "AsyncConsole", "AsyncConsole\AsyncConsole.csproj", "{375E16DE-B3F6-4E75-9BE8-EF34E3B8BFD8}"
EndProject
Global
	GlobalSection(SolutionConfigurationPlatforms) = preSolution
		Debug|Any CPU = Debug|Any CPU
		Release|Any CPU = Release|Any CPU
	EndGlobalSection
	GlobalSection(SolutionProperties) = preSolution
		HideSolutionNode = FALSE
	EndGlobalSection
	GlobalSection(ProjectConfigurationPlatforms) = postSolution
		{AC9148F7-29C7-4D11-9AD8-A8FE1B1564D7}.Debug|Any CPU.ActiveCfg = Debug|Any CPU
		{AC9148F7-29C7-4D11-9AD8-A8FE1B1564D7}.Debug|Any CPU.Build.0 = Debug|Any CPU
		{AC9148F7-29C7-4D11-9AD8-A8FE1B1564D7}.Release|Any CPU.ActiveCfg = Release|Any CPU
		{AC9148F7-29C7-4D11-9AD8-A8FE1B1564D7}.Release|Any CPU.Build.0 = Release|Any CPU
		{5BF293F3-54A6-4537-B6F8-93CFAB591194}.Debug|Any CPU.ActiveCfg = Debug|Any CPU
		{5BF293F3-54A6-4537-B6F8-93CFAB591194}.Debug|Any CPU.Build.0 = Debug|Any CPU
		{5BF293F3-54A6-4537-B6F8-93CFAB591194}.Release|Any CPU.ActiveCfg = Release|Any CPU
		{5BF293F3-54A6-4537-B6F8-93CFAB591194}.Release|Any CPU.Build.0 = Release|Any CPU
		{23E182C2-2021-4B07-AB9D-29E7E425ECB3}.Debug|Any CPU.ActiveCfg = Debug|Any CPU
		{23E182C2-2021-4B07-AB9D-29E7E425ECB3}.Debug|Any CPU.Build.0 = Debug|Any CPU
		{23E182C2-2021-4B07-AB9D-29E7E425ECB3}.Release|Any CPU.ActiveCfg = Release|Any CPU
		{23E182C2-2021-4B07-AB9D-29E7E425ECB3}.Release|Any CPU.Build.0 = Release|Any CPU
		{801BDDB2-BF09-48DA-9C5E-B84B8A24426B}.Debug|Any CPU.ActiveCfg = Debug|Any CPU
		{801BDDB2-BF09-48DA-9C5E-B84B8A24426B}.Debug|Any CPU.Build.0 = Debug|Any CPU
		{801BDDB2-BF09-48DA-9C5E-B84B8A24426B}.Release|Any CPU.ActiveCfg = Release|Any CPU
		{801BDDB2-BF09-48DA-9C5E-B84B8A24426B}.Release|Any CPU.Build.0 = Release|Any CPU
		{375E16DE-B3F6-4E75-9BE8-EF34E3B8BFD8}.Debug|Any CPU.ActiveCfg = Debug|Any CPU
		{375E16DE-B3F6-4E75-9BE8-EF34E3B8BFD8}.Debug|Any CPU.Build.0 = Debug|Any CPU
		{375E16DE-B3F6-4E75-9BE8-EF34E3B8BFD8}.Release|Any CPU.ActiveCfg = Release|Any CPU
		{375E16DE-B3F6-4E75-9BE8-EF34E3B8BFD8}.Release|Any CPU.Build.0 = Release|Any CPU
	EndGlobalSection
EndGlobal
